
Microsoft Visual Studio Solution File, Format Version 12.00
Project("{FAE04EC0-301F-11D3-BF4B-00C04F79EFBC}") = "POS01_E4_P1", "POS01_E4_P1\POS01_E4_P1.csproj", "{6C941F06-DCD8-4FC0-8BA1-E6A6626A0408}"
EndProject
Project("{FAE04EC0-301F-11D3-BF4B-00C04F79EFBC}") = "POS01_E4_P2", "POS01_E4_P2\POS01_E4_P2.csproj", "{84C94804-9301-4412-ABEC-82D9FC58BC34}"
EndProject
Project("{FAE04EC0-301F-11D3-BF4B-00C04F79EFBC}") = "POS01_E2_Types", "E_2_Types\POS01_E2_Types.csproj", "{4A75714F-D4ED-475A-BBED-D59FFA528C59}"
EndProject
Project("{FAE04EC0-301F-11D3-BF4B-00C04F79EFBC}") = "E3_Properties", "..\E3_Properties\E3_Properties\E3_Properties.csproj", "{2C7B9C15-2D3D-455F-92C0-C449352E0D60}"
EndProject
Project("{FAE04EC0-301F-11D3-BF4B-00C04F79EFBC}") = "POS01_E5", "POS01_E5\POS01_E5.csproj", "{B7694293-353E-422B-91AB-9BC2DD773B3F}"
EndProject
Project("{FAE04EC0-301F-11D3-BF4B-00C04F79EFBC}") = "POS01_E7", "POS01_E7\POS01_E7.csproj", "{AF36DC0D-3C7E-4A26-B7ED-B69EDD87B159}"
EndProject
Project("{FAE04EC0-301F-11D3-BF4B-00C04F79EFBC}") = "POS02-E2", "POS02-E2\POS02-E2.csproj", "{0519BAF4-5959-4F81-B875-6C60D4C21B98}"
EndProject
Project("{FAE04EC0-301F-11D3-BF4B-00C04F79EFBC}") = "POS02-E1", "POS02-E1\POS02-E1.csproj", "{6D5A265E-875B-4A2F-85F7-0FEF80CD1548}"
EndProject
Project("{FAE04EC0-301F-11D3-BF4B-00C04F79EFBC}") = "POS02-E3", "POS02-E3\POS02-E3.csproj", "{9606722A-0D98-4D4D-ADD0-FF160ED4B271}"
EndProject
Project("{FAE04EC0-301F-11D3-BF4B-00C04F79EFBC}") = "POS02-E4", "POS02-E4\POS02-E4.csproj", "{8B181290-6379-46FB-B867-4C387197C1E2}"
EndProject
Project("{FAE04EC0-301F-11D3-BF4B-00C04F79EFBC}") = "RichDomainModelHealthcare", "RichDomainModelHealthcare\RichDomainModelHealthcare.csproj", "{98162EA0-B0ED-4A26-BB83-120354615427}"
EndProject
Project("{FAE04EC0-301F-11D3-BF4B-00C04F79EFBC}") = "RichDomainModelHealthcareTest", "RichDomainModelHealthcareTest\RichDomainModelHealthcareTest.csproj", "{8EC8B138-4D18-428C-AB57-E4E106CA647E}"
EndProject
Project("{FAE04EC0-301F-11D3-BF4B-00C04F79EFBC}") = "POS02-E5", "POS02-E5\POS02-E5.csproj", "{ECE48A18-F79A-4A65-A1C0-50884A7B5E44}"
EndProject
Project("{FAE04EC0-301F-11D3-BF4B-00C04F79EFBC}") = "POS02-E6", "POS02-E6\POS02-E6.csproj", "{443E148D-C606-4595-960A-DFBDBAA80554}"
EndProject
Global
	GlobalSection(SolutionConfigurationPlatforms) = preSolution
		Debug|Any CPU = Debug|Any CPU
		Release|Any CPU = Release|Any CPU
	EndGlobalSection
	GlobalSection(ProjectConfigurationPlatforms) = postSolution
		{6C941F06-DCD8-4FC0-8BA1-E6A6626A0408}.Debug|Any CPU.ActiveCfg = Debug|Any CPU
		{6C941F06-DCD8-4FC0-8BA1-E6A6626A0408}.Debug|Any CPU.Build.0 = Debug|Any CPU
		{6C941F06-DCD8-4FC0-8BA1-E6A6626A0408}.Release|Any CPU.ActiveCfg = Release|Any CPU
		{6C941F06-DCD8-4FC0-8BA1-E6A6626A0408}.Release|Any CPU.Build.0 = Release|Any CPU
		{84C94804-9301-4412-ABEC-82D9FC58BC34}.Debug|Any CPU.ActiveCfg = Debug|Any CPU
		{84C94804-9301-4412-ABEC-82D9FC58BC34}.Debug|Any CPU.Build.0 = Debug|Any CPU
		{84C94804-9301-4412-ABEC-82D9FC58BC34}.Release|Any CPU.ActiveCfg = Release|Any CPU
		{84C94804-9301-4412-ABEC-82D9FC58BC34}.Release|Any CPU.Build.0 = Release|Any CPU
		{4A75714F-D4ED-475A-BBED-D59FFA528C59}.Debug|Any CPU.ActiveCfg = Debug|Any CPU
		{4A75714F-D4ED-475A-BBED-D59FFA528C59}.Debug|Any CPU.Build.0 = Debug|Any CPU
		{4A75714F-D4ED-475A-BBED-D59FFA528C59}.Release|Any CPU.ActiveCfg = Release|Any CPU
		{4A75714F-D4ED-475A-BBED-D59FFA528C59}.Release|Any CPU.Build.0 = Release|Any CPU
		{2C7B9C15-2D3D-455F-92C0-C449352E0D60}.Debug|Any CPU.ActiveCfg = Debug|Any CPU
		{2C7B9C15-2D3D-455F-92C0-C449352E0D60}.Debug|Any CPU.Build.0 = Debug|Any CPU
		{2C7B9C15-2D3D-455F-92C0-C449352E0D60}.Release|Any CPU.ActiveCfg = Release|Any CPU
		{2C7B9C15-2D3D-455F-92C0-C449352E0D60}.Release|Any CPU.Build.0 = Release|Any CPU
		{B7694293-353E-422B-91AB-9BC2DD773B3F}.Debug|Any CPU.ActiveCfg = Debug|Any CPU
		{B7694293-353E-422B-91AB-9BC2DD773B3F}.Debug|Any CPU.Build.0 = Debug|Any CPU
		{B7694293-353E-422B-91AB-9BC2DD773B3F}.Release|Any CPU.ActiveCfg = Release|Any CPU
		{B7694293-353E-422B-91AB-9BC2DD773B3F}.Release|Any CPU.Build.0 = Release|Any CPU
		{AF36DC0D-3C7E-4A26-B7ED-B69EDD87B159}.Debug|Any CPU.ActiveCfg = Debug|Any CPU
		{AF36DC0D-3C7E-4A26-B7ED-B69EDD87B159}.Debug|Any CPU.Build.0 = Debug|Any CPU
		{AF36DC0D-3C7E-4A26-B7ED-B69EDD87B159}.Release|Any CPU.ActiveCfg = Release|Any CPU
		{AF36DC0D-3C7E-4A26-B7ED-B69EDD87B159}.Release|Any CPU.Build.0 = Release|Any CPU
		{0519BAF4-5959-4F81-B875-6C60D4C21B98}.Debug|Any CPU.ActiveCfg = Debug|Any CPU
		{0519BAF4-5959-4F81-B875-6C60D4C21B98}.Debug|Any CPU.Build.0 = Debug|Any CPU
		{0519BAF4-5959-4F81-B875-6C60D4C21B98}.Release|Any CPU.ActiveCfg = Release|Any CPU
		{0519BAF4-5959-4F81-B875-6C60D4C21B98}.Release|Any CPU.Build.0 = Release|Any CPU
		{6D5A265E-875B-4A2F-85F7-0FEF80CD1548}.Debug|Any CPU.ActiveCfg = Debug|Any CPU
		{6D5A265E-875B-4A2F-85F7-0FEF80CD1548}.Debug|Any CPU.Build.0 = Debug|Any CPU
		{6D5A265E-875B-4A2F-85F7-0FEF80CD1548}.Release|Any CPU.ActiveCfg = Release|Any CPU
		{6D5A265E-875B-4A2F-85F7-0FEF80CD1548}.Release|Any CPU.Build.0 = Release|Any CPU
		{9606722A-0D98-4D4D-ADD0-FF160ED4B271}.Debug|Any CPU.ActiveCfg = Debug|Any CPU
		{9606722A-0D98-4D4D-ADD0-FF160ED4B271}.Debug|Any CPU.Build.0 = Debug|Any CPU
		{9606722A-0D98-4D4D-ADD0-FF160ED4B271}.Release|Any CPU.ActiveCfg = Release|Any CPU
		{9606722A-0D98-4D4D-ADD0-FF160ED4B271}.Release|Any CPU.Build.0 = Release|Any CPU
		{8B181290-6379-46FB-B867-4C387197C1E2}.Debug|Any CPU.ActiveCfg = Debug|Any CPU
		{8B181290-6379-46FB-B867-4C387197C1E2}.Debug|Any CPU.Build.0 = Debug|Any CPU
		{8B181290-6379-46FB-B867-4C387197C1E2}.Release|Any CPU.ActiveCfg = Release|Any CPU
		{8B181290-6379-46FB-B867-4C387197C1E2}.Release|Any CPU.Build.0 = Release|Any CPU
		{98162EA0-B0ED-4A26-BB83-120354615427}.Debug|Any CPU.ActiveCfg = Debug|Any CPU
		{98162EA0-B0ED-4A26-BB83-120354615427}.Debug|Any CPU.Build.0 = Debug|Any CPU
		{98162EA0-B0ED-4A26-BB83-120354615427}.Release|Any CPU.ActiveCfg = Release|Any CPU
		{98162EA0-B0ED-4A26-BB83-120354615427}.Release|Any CPU.Build.0 = Release|Any CPU
		{8EC8B138-4D18-428C-AB57-E4E106CA647E}.Debug|Any CPU.ActiveCfg = Debug|Any CPU
		{8EC8B138-4D18-428C-AB57-E4E106CA647E}.Debug|Any CPU.Build.0 = Debug|Any CPU
		{8EC8B138-4D18-428C-AB57-E4E106CA647E}.Release|Any CPU.ActiveCfg = Release|Any CPU
		{8EC8B138-4D18-428C-AB57-E4E106CA647E}.Release|Any CPU.Build.0 = Release|Any CPU
		{ECE48A18-F79A-4A65-A1C0-50884A7B5E44}.Debug|Any CPU.ActiveCfg = Debug|Any CPU
		{ECE48A18-F79A-4A65-A1C0-50884A7B5E44}.Debug|Any CPU.Build.0 = Debug|Any CPU
		{ECE48A18-F79A-4A65-A1C0-50884A7B5E44}.Release|Any CPU.ActiveCfg = Release|Any CPU
		{ECE48A18-F79A-4A65-A1C0-50884A7B5E44}.Release|Any CPU.Build.0 = Release|Any CPU
		{443E148D-C606-4595-960A-DFBDBAA80554}.Debug|Any CPU.ActiveCfg = Debug|Any CPU
		{443E148D-C606-4595-960A-DFBDBAA80554}.Debug|Any CPU.Build.0 = Debug|Any CPU
		{443E148D-C606-4595-960A-DFBDBAA80554}.Release|Any CPU.ActiveCfg = Release|Any CPU
		{443E148D-C606-4595-960A-DFBDBAA80554}.Release|Any CPU.Build.0 = Release|Any CPU
	EndGlobalSection
EndGlobal
